// !$*UTF8*$!
{
	archiveVersion = 1;
	classes = {
	};
	objectVersion = 50;
	objects = {

/* Begin PBXBuildFile section */
		1642850D15067FF21E80EFDC /* libPods-AutoLayoutTests.a in Frameworks */ = {isa = PBXBuildFile; fileRef = 2E00F123D97E4E1D108F74C1 /* libPods-AutoLayoutTests.a */; };
		2F88A0323C4C1D1997BFF8D6 /* libPods-AutoLayout.a in Frameworks */ = {isa = PBXBuildFile; fileRef = 72A7D92DEEF2527F42E2109F /* libPods-AutoLayout.a */; };
		47113FF8225CA38B000B1DB4 /* LICENSE in Resources */ = {isa = PBXBuildFile; fileRef = 47113FDC225CA38A000B1DB4 /* LICENSE */; };
		47113FF9225CA38B000B1DB4 /* NSLayoutConstraint+MASDebugAdditions.m in Sources */ = {isa = PBXBuildFile; fileRef = 47113FDF225CA38A000B1DB4 /* NSLayoutConstraint+MASDebugAdditions.m */; };
		47113FFA225CA38B000B1DB4 /* ViewController+MASAdditions.m in Sources */ = {isa = PBXBuildFile; fileRef = 47113FE8225CA38A000B1DB4 /* ViewController+MASAdditions.m */; };
		47113FFB225CA38B000B1DB4 /* MASCompositeConstraint.m in Sources */ = {isa = PBXBuildFile; fileRef = 47113FEC225CA38A000B1DB4 /* MASCompositeConstraint.m */; };
		47113FFC225CA38B000B1DB4 /* MASConstraintMaker.m in Sources */ = {isa = PBXBuildFile; fileRef = 47113FED225CA38B000B1DB4 /* MASConstraintMaker.m */; };
		47113FFD225CA38B000B1DB4 /* MASLayoutConstraint.m in Sources */ = {isa = PBXBuildFile; fileRef = 47113FEE225CA38B000B1DB4 /* MASLayoutConstraint.m */; };
		47113FFE225CA38B000B1DB4 /* NSArray+MASAdditions.m in Sources */ = {isa = PBXBuildFile; fileRef = 47113FEF225CA38B000B1DB4 /* NSArray+MASAdditions.m */; };
		47113FFF225CA38B000B1DB4 /* View+MASAdditions.m in Sources */ = {isa = PBXBuildFile; fileRef = 47113FF0225CA38B000B1DB4 /* View+MASAdditions.m */; };
		47114000225CA38B000B1DB4 /* MASConstraint.m in Sources */ = {isa = PBXBuildFile; fileRef = 47113FF3225CA38B000B1DB4 /* MASConstraint.m */; };
		47114001225CA38B000B1DB4 /* MASViewConstraint.m in Sources */ = {isa = PBXBuildFile; fileRef = 47113FF5225CA38B000B1DB4 /* MASViewConstraint.m */; };
		47114002225CA38B000B1DB4 /* MASViewAttribute.m in Sources */ = {isa = PBXBuildFile; fileRef = 47113FF6225CA38B000B1DB4 /* MASViewAttribute.m */; };
		47114003225CA38B000B1DB4 /* README.md in Resources */ = {isa = PBXBuildFile; fileRef = 47113FF7225CA38B000B1DB4 /* README.md */; };
		4767DD0D22532691004C57B7 /* AppDelegate.m in Sources */ = {isa = PBXBuildFile; fileRef = 4767DD0C22532691004C57B7 /* AppDelegate.m */; };
		4767DD1022532691004C57B7 /* ViewController.m in Sources */ = {isa = PBXBuildFile; fileRef = 4767DD0F22532691004C57B7 /* ViewController.m */; };
		4767DD1322532691004C57B7 /* Main.storyboard in Resources */ = {isa = PBXBuildFile; fileRef = 4767DD1122532691004C57B7 /* Main.storyboard */; };
		4767DD1522532694004C57B7 /* Assets.xcassets in Resources */ = {isa = PBXBuildFile; fileRef = 4767DD1422532694004C57B7 /* Assets.xcassets */; };
		4767DD1822532694004C57B7 /* LaunchScreen.storyboard in Resources */ = {isa = PBXBuildFile; fileRef = 4767DD1622532694004C57B7 /* LaunchScreen.storyboard */; };
		4767DD1B22532694004C57B7 /* main.m in Sources */ = {isa = PBXBuildFile; fileRef = 4767DD1A22532694004C57B7 /* main.m */; };
		4767DD2522532695004C57B7 /* AutoLayoutTests.m in Sources */ = {isa = PBXBuildFile; fileRef = 4767DD2422532695004C57B7 /* AutoLayoutTests.m */; };
		4767DD3022532695004C57B7 /* AutoLayoutUITests.m in Sources */ = {isa = PBXBuildFile; fileRef = 4767DD2F22532695004C57B7 /* AutoLayoutUITests.m */; };
		7158D512CE014CEF7862C404 /* libPods-AutoLayoutUITests.a in Frameworks */ = {isa = PBXBuildFile; fileRef = F3FD4F4620BB3E58FDA512CC /* libPods-AutoLayoutUITests.a */; };
/* End PBXBuildFile section */

/* Begin PBXContainerItemProxy section */
		4767DD2122532695004C57B7 /* PBXContainerItemProxy */ = {
			isa = PBXContainerItemProxy;
			containerPortal = 4767DD0022532691004C57B7 /* Project object */;
			proxyType = 1;
			remoteGlobalIDString = 4767DD0722532691004C57B7;
			remoteInfo = AutoLayout;
		};
		4767DD2C22532695004C57B7 /* PBXContainerItemProxy */ = {
			isa = PBXContainerItemProxy;
			containerPortal = 4767DD0022532691004C57B7 /* Project object */;
			proxyType = 1;
			remoteGlobalIDString = 4767DD0722532691004C57B7;
			remoteInfo = AutoLayout;
		};
/* End PBXContainerItemProxy section */

/* Begin PBXFileReference section */
		2E00F123D97E4E1D108F74C1 /* libPods-AutoLayoutTests.a */ = {isa = PBXFileReference; explicitFileType = archive.ar; includeInIndex = 0; path = "libPods-AutoLayoutTests.a"; sourceTree = BUILT_PRODUCTS_DIR; };
		47113FD9225CA246000B1DB4 /* libMasonry.a */ = {isa = PBXFileReference; explicitFileType = archive.ar; path = libMasonry.a; sourceTree = BUILT_PRODUCTS_DIR; };
		47113FDC225CA38A000B1DB4 /* LICENSE */ = {isa = PBXFileReference; fileEncoding = 4; lastKnownFileType = text; path = LICENSE; sourceTree = "<group>"; };
		47113FDE225CA38A000B1DB4 /* MASCompositeConstraint.h */ = {isa = PBXFileReference; fileEncoding = 4; lastKnownFileType = sourcecode.c.h; path = MASCompositeConstraint.h; sourceTree = "<group>"; };
		47113FDF225CA38A000B1DB4 /* NSLayoutConstraint+MASDebugAdditions.m */ = {isa = PBXFileReference; fileEncoding = 4; lastKnownFileType = sourcecode.c.objc; path = "NSLayoutConstraint+MASDebugAdditions.m"; sourceTree = "<group>"; };
		47113FE0225CA38A000B1DB4 /* MASConstraint+Private.h */ = {isa = PBXFileReference; fileEncoding = 4; lastKnownFileType = sourcecode.c.h; path = "MASConstraint+Private.h"; sourceTree = "<group>"; };
		47113FE1225CA38A000B1DB4 /* MASLayoutConstraint.h */ = {isa = PBXFileReference; fileEncoding = 4; lastKnownFileType = sourcecode.c.h; path = MASLayoutConstraint.h; sourceTree = "<group>"; };
		47113FE2225CA38A000B1DB4 /* NSArray+MASShorthandAdditions.h */ = {isa = PBXFileReference; fileEncoding = 4; lastKnownFileType = sourcecode.c.h; path = "NSArray+MASShorthandAdditions.h"; sourceTree = "<group>"; };
		47113FE3225CA38A000B1DB4 /* MASConstraintMaker.h */ = {isa = PBXFileReference; fileEncoding = 4; lastKnownFileType = sourcecode.c.h; path = MASConstraintMaker.h; sourceTree = "<group>"; };
		47113FE4225CA38A000B1DB4 /* View+MASAdditions.h */ = {isa = PBXFileReference; fileEncoding = 4; lastKnownFileType = sourcecode.c.h; path = "View+MASAdditions.h"; sourceTree = "<group>"; };
		47113FE5225CA38A000B1DB4 /* NSArray+MASAdditions.h */ = {isa = PBXFileReference; fileEncoding = 4; lastKnownFileType = sourcecode.c.h; path = "NSArray+MASAdditions.h"; sourceTree = "<group>"; };
		47113FE6225CA38A000B1DB4 /* MASUtilities.h */ = {isa = PBXFileReference; fileEncoding = 4; lastKnownFileType = sourcecode.c.h; path = MASUtilities.h; sourceTree = "<group>"; };
		47113FE7225CA38A000B1DB4 /* MASViewAttribute.h */ = {isa = PBXFileReference; fileEncoding = 4; lastKnownFileType = sourcecode.c.h; path = MASViewAttribute.h; sourceTree = "<group>"; };
		47113FE8225CA38A000B1DB4 /* ViewController+MASAdditions.m */ = {isa = PBXFileReference; fileEncoding = 4; lastKnownFileType = sourcecode.c.objc; path = "ViewController+MASAdditions.m"; sourceTree = "<group>"; };
		47113FE9225CA38A000B1DB4 /* MASViewConstraint.h */ = {isa = PBXFileReference; fileEncoding = 4; lastKnownFileType = sourcecode.c.h; path = MASViewConstraint.h; sourceTree = "<group>"; };
		47113FEA225CA38A000B1DB4 /* MASConstraint.h */ = {isa = PBXFileReference; fileEncoding = 4; lastKnownFileType = sourcecode.c.h; path = MASConstraint.h; sourceTree = "<group>"; };
		47113FEB225CA38A000B1DB4 /* NSLayoutConstraint+MASDebugAdditions.h */ = {isa = PBXFileReference; fileEncoding = 4; lastKnownFileType = sourcecode.c.h; path = "NSLayoutConstraint+MASDebugAdditions.h"; sourceTree = "<group>"; };
		47113FEC225CA38A000B1DB4 /* MASCompositeConstraint.m */ = {isa = PBXFileReference; fileEncoding = 4; lastKnownFileType = sourcecode.c.objc; path = MASCompositeConstraint.m; sourceTree = "<group>"; };
		47113FED225CA38B000B1DB4 /* MASConstraintMaker.m */ = {isa = PBXFileReference; fileEncoding = 4; lastKnownFileType = sourcecode.c.objc; path = MASConstraintMaker.m; sourceTree = "<group>"; };
		47113FEE225CA38B000B1DB4 /* MASLayoutConstraint.m */ = {isa = PBXFileReference; fileEncoding = 4; lastKnownFileType = sourcecode.c.objc; path = MASLayoutConstraint.m; sourceTree = "<group>"; };
		47113FEF225CA38B000B1DB4 /* NSArray+MASAdditions.m */ = {isa = PBXFileReference; fileEncoding = 4; lastKnownFileType = sourcecode.c.objc; path = "NSArray+MASAdditions.m"; sourceTree = "<group>"; };
		47113FF0225CA38B000B1DB4 /* View+MASAdditions.m */ = {isa = PBXFileReference; fileEncoding = 4; lastKnownFileType = sourcecode.c.objc; path = "View+MASAdditions.m"; sourceTree = "<group>"; };
		47113FF1225CA38B000B1DB4 /* View+MASShorthandAdditions.h */ = {isa = PBXFileReference; fileEncoding = 4; lastKnownFileType = sourcecode.c.h; path = "View+MASShorthandAdditions.h"; sourceTree = "<group>"; };
		47113FF2225CA38B000B1DB4 /* Masonry.h */ = {isa = PBXFileReference; fileEncoding = 4; lastKnownFileType = sourcecode.c.h; path = Masonry.h; sourceTree = "<group>"; };
		47113FF3225CA38B000B1DB4 /* MASConstraint.m */ = {isa = PBXFileReference; fileEncoding = 4; lastKnownFileType = sourcecode.c.objc; path = MASConstraint.m; sourceTree = "<group>"; };
		47113FF4225CA38B000B1DB4 /* ViewController+MASAdditions.h */ = {isa = PBXFileReference; fileEncoding = 4; lastKnownFileType = sourcecode.c.h; path = "ViewController+MASAdditions.h"; sourceTree = "<group>"; };
		47113FF5225CA38B000B1DB4 /* MASViewConstraint.m */ = {isa = PBXFileReference; fileEncoding = 4; lastKnownFileType = sourcecode.c.objc; path = MASViewConstraint.m; sourceTree = "<group>"; };
		47113FF6225CA38B000B1DB4 /* MASViewAttribute.m */ = {isa = PBXFileReference; fileEncoding = 4; lastKnownFileType = sourcecode.c.objc; path = MASViewAttribute.m; sourceTree = "<group>"; };
		47113FF7225CA38B000B1DB4 /* README.md */ = {isa = PBXFileReference; fileEncoding = 4; lastKnownFileType = net.daringfireball.markdown; path = README.md; sourceTree = "<group>"; };
		4767DD0822532691004C57B7 /* AutoLayout.app */ = {isa = PBXFileReference; explicitFileType = wrapper.application; includeInIndex = 0; path = AutoLayout.app; sourceTree = BUILT_PRODUCTS_DIR; };
		4767DD0B22532691004C57B7 /* AppDelegate.h */ = {isa = PBXFileReference; lastKnownFileType = sourcecode.c.h; path = AppDelegate.h; sourceTree = "<group>"; };
		4767DD0C22532691004C57B7 /* AppDelegate.m */ = {isa = PBXFileReference; lastKnownFileType = sourcecode.c.objc; path = AppDelegate.m; sourceTree = "<group>"; };
		4767DD0E22532691004C57B7 /* ViewController.h */ = {isa = PBXFileReference; lastKnownFileType = sourcecode.c.h; path = ViewController.h; sourceTree = "<group>"; };
		4767DD0F22532691004C57B7 /* ViewController.m */ = {isa = PBXFileReference; lastKnownFileType = sourcecode.c.objc; path = ViewController.m; sourceTree = "<group>"; };
		4767DD1222532691004C57B7 /* Base */ = {isa = PBXFileReference; lastKnownFileType = file.storyboard; name = Base; path = Base.lproj/Main.storyboard; sourceTree = "<group>"; };
		4767DD1422532694004C57B7 /* Assets.xcassets */ = {isa = PBXFileReference; lastKnownFileType = folder.assetcatalog; path = Assets.xcassets; sourceTree = "<group>"; };
		4767DD1722532694004C57B7 /* Base */ = {isa = PBXFileReference; lastKnownFileType = file.storyboard; name = Base; path = Base.lproj/LaunchScreen.storyboard; sourceTree = "<group>"; };
		4767DD1922532694004C57B7 /* Info.plist */ = {isa = PBXFileReference; lastKnownFileType = text.plist.xml; path = Info.plist; sourceTree = "<group>"; };
		4767DD1A22532694004C57B7 /* main.m */ = {isa = PBXFileReference; lastKnownFileType = sourcecode.c.objc; path = main.m; sourceTree = "<group>"; };
		4767DD2022532695004C57B7 /* AutoLayoutTests.xctest */ = {isa = PBXFileReference; explicitFileType = wrapper.cfbundle; includeInIndex = 0; path = AutoLayoutTests.xctest; sourceTree = BUILT_PRODUCTS_DIR; };
		4767DD2422532695004C57B7 /* AutoLayoutTests.m */ = {isa = PBXFileReference; lastKnownFileType = sourcecode.c.objc; path = AutoLayoutTests.m; sourceTree = "<group>"; };
		4767DD2622532695004C57B7 /* Info.plist */ = {isa = PBXFileReference; lastKnownFileType = text.plist.xml; path = Info.plist; sourceTree = "<group>"; };
		4767DD2B22532695004C57B7 /* AutoLayoutUITests.xctest */ = {isa = PBXFileReference; explicitFileType = wrapper.cfbundle; includeInIndex = 0; path = AutoLayoutUITests.xctest; sourceTree = BUILT_PRODUCTS_DIR; };
		4767DD2F22532695004C57B7 /* AutoLayoutUITests.m */ = {isa = PBXFileReference; lastKnownFileType = sourcecode.c.objc; path = AutoLayoutUITests.m; sourceTree = "<group>"; };
		4767DD3122532695004C57B7 /* Info.plist */ = {isa = PBXFileReference; lastKnownFileType = text.plist.xml; path = Info.plist; sourceTree = "<group>"; };
		60EE3C89FF6ACCE7691DB0DA /* Pods-AutoLayoutTests.debug.xcconfig */ = {isa = PBXFileReference; includeInIndex = 1; lastKnownFileType = text.xcconfig; name = "Pods-AutoLayoutTests.debug.xcconfig"; path = "Target Support Files/Pods-AutoLayoutTests/Pods-AutoLayoutTests.debug.xcconfig"; sourceTree = "<group>"; };
		72A7D92DEEF2527F42E2109F /* libPods-AutoLayout.a */ = {isa = PBXFileReference; explicitFileType = archive.ar; includeInIndex = 0; path = "libPods-AutoLayout.a"; sourceTree = BUILT_PRODUCTS_DIR; };
		A90C595E86E429AF774F5E67 /* Pods-AutoLayoutTests.release.xcconfig */ = {isa = PBXFileReference; includeInIndex = 1; lastKnownFileType = text.xcconfig; name = "Pods-AutoLayoutTests.release.xcconfig"; path = "Target Support Files/Pods-AutoLayoutTests/Pods-AutoLayoutTests.release.xcconfig"; sourceTree = "<group>"; };
		BB3D1CB9A181021FA8BA9FDF /* Pods-AutoLayoutUITests.debug.xcconfig */ = {isa = PBXFileReference; includeInIndex = 1; lastKnownFileType = text.xcconfig; name = "Pods-AutoLayoutUITests.debug.xcconfig"; path = "Target Support Files/Pods-AutoLayoutUITests/Pods-AutoLayoutUITests.debug.xcconfig"; sourceTree = "<group>"; };
		CA9BA1598057CD9D2B3E0CAA /* Pods-AutoLayout.release.xcconfig */ = {isa = PBXFileReference; includeInIndex = 1; lastKnownFileType = text.xcconfig; name = "Pods-AutoLayout.release.xcconfig"; path = "Target Support Files/Pods-AutoLayout/Pods-AutoLayout.release.xcconfig"; sourceTree = "<group>"; };
		DB01516E1B49A729AAF9DF98 /* Pods-AutoLayoutUITests.release.xcconfig */ = {isa = PBXFileReference; includeInIndex = 1; lastKnownFileType = text.xcconfig; name = "Pods-AutoLayoutUITests.release.xcconfig"; path = "Target Support Files/Pods-AutoLayoutUITests/Pods-AutoLayoutUITests.release.xcconfig"; sourceTree = "<group>"; };
		E5A41AB58E4DD472B72DB877 /* Pods-AutoLayout.debug.xcconfig */ = {isa = PBXFileReference; includeInIndex = 1; lastKnownFileType = text.xcconfig; name = "Pods-AutoLayout.debug.xcconfig"; path = "Target Support Files/Pods-AutoLayout/Pods-AutoLayout.debug.xcconfig"; sourceTree = "<group>"; };
		F3FD4F4620BB3E58FDA512CC /* libPods-AutoLayoutUITests.a */ = {isa = PBXFileReference; explicitFileType = archive.ar; includeInIndex = 0; path = "libPods-AutoLayoutUITests.a"; sourceTree = BUILT_PRODUCTS_DIR; };
/* End PBXFileReference section */

/* Begin PBXFrameworksBuildPhase section */
		4767DD0522532691004C57B7 /* Frameworks */ = {
			isa = PBXFrameworksBuildPhase;
			buildActionMask = 2147483647;
			files = (
				2F88A0323C4C1D1997BFF8D6 /* libPods-AutoLayout.a in Frameworks */,
			);
			runOnlyForDeploymentPostprocessing = 0;
		};
		4767DD1D22532695004C57B7 /* Frameworks */ = {
			isa = PBXFrameworksBuildPhase;
			buildActionMask = 2147483647;
			files = (
				1642850D15067FF21E80EFDC /* libPods-AutoLayoutTests.a in Frameworks */,
			);
			runOnlyForDeploymentPostprocessing = 0;
		};
		4767DD2822532695004C57B7 /* Frameworks */ = {
			isa = PBXFrameworksBuildPhase;
			buildActionMask = 2147483647;
			files = (
				7158D512CE014CEF7862C404 /* libPods-AutoLayoutUITests.a in Frameworks */,
			);
			runOnlyForDeploymentPostprocessing = 0;
		};
/* End PBXFrameworksBuildPhase section */

/* Begin PBXGroup section */
		47113FDB225CA38A000B1DB4 /* Masonry */ = {
			isa = PBXGroup;
			children = (
				47113FDC225CA38A000B1DB4 /* LICENSE */,
				47113FDD225CA38A000B1DB4 /* Masonry */,
				47113FF7225CA38B000B1DB4 /* README.md */,
			);
			path = Masonry;
			sourceTree = SOURCE_ROOT;
		};
		47113FDD225CA38A000B1DB4 /* Masonry */ = {
			isa = PBXGroup;
			children = (
				47113FDE225CA38A000B1DB4 /* MASCompositeConstraint.h */,
				47113FDF225CA38A000B1DB4 /* NSLayoutConstraint+MASDebugAdditions.m */,
				47113FE0225CA38A000B1DB4 /* MASConstraint+Private.h */,
				47113FE1225CA38A000B1DB4 /* MASLayoutConstraint.h */,
				47113FE2225CA38A000B1DB4 /* NSArray+MASShorthandAdditions.h */,
				47113FE3225CA38A000B1DB4 /* MASConstraintMaker.h */,
				47113FE4225CA38A000B1DB4 /* View+MASAdditions.h */,
				47113FE5225CA38A000B1DB4 /* NSArray+MASAdditions.h */,
				47113FE6225CA38A000B1DB4 /* MASUtilities.h */,
				47113FE7225CA38A000B1DB4 /* MASViewAttribute.h */,
				47113FE8225CA38A000B1DB4 /* ViewController+MASAdditions.m */,
				47113FE9225CA38A000B1DB4 /* MASViewConstraint.h */,
				47113FEA225CA38A000B1DB4 /* MASConstraint.h */,
				47113FEB225CA38A000B1DB4 /* NSLayoutConstraint+MASDebugAdditions.h */,
				47113FEC225CA38A000B1DB4 /* MASCompositeConstraint.m */,
				47113FED225CA38B000B1DB4 /* MASConstraintMaker.m */,
				47113FEE225CA38B000B1DB4 /* MASLayoutConstraint.m */,
				47113FEF225CA38B000B1DB4 /* NSArray+MASAdditions.m */,
				47113FF0225CA38B000B1DB4 /* View+MASAdditions.m */,
				47113FF1225CA38B000B1DB4 /* View+MASShorthandAdditions.h */,
				47113FF2225CA38B000B1DB4 /* Masonry.h */,
				47113FF3225CA38B000B1DB4 /* MASConstraint.m */,
				47113FF4225CA38B000B1DB4 /* ViewController+MASAdditions.h */,
				47113FF5225CA38B000B1DB4 /* MASViewConstraint.m */,
				47113FF6225CA38B000B1DB4 /* MASViewAttribute.m */,
			);
			path = Masonry;
			sourceTree = "<group>";
		};
		4767DCFF22532691004C57B7 = {
			isa = PBXGroup;
			children = (
				4767DD0A22532691004C57B7 /* AutoLayout */,
				4767DD2322532695004C57B7 /* AutoLayoutTests */,
				4767DD2E22532695004C57B7 /* AutoLayoutUITests */,
				4767DD0922532691004C57B7 /* Products */,
				4FE545D01FD053941C83B762 /* Pods */,
				8DF0CBFDCED2FB43BD3406B5 /* Frameworks */,
			);
			sourceTree = "<group>";
		};
		4767DD0922532691004C57B7 /* Products */ = {
			isa = PBXGroup;
			children = (
				4767DD0822532691004C57B7 /* AutoLayout.app */,
				4767DD2022532695004C57B7 /* AutoLayoutTests.xctest */,
				4767DD2B22532695004C57B7 /* AutoLayoutUITests.xctest */,
			);
			name = Products;
			sourceTree = "<group>";
		};
		4767DD0A22532691004C57B7 /* AutoLayout */ = {
			isa = PBXGroup;
			children = (
				47113FDB225CA38A000B1DB4 /* Masonry */,
				4767DD0B22532691004C57B7 /* AppDelegate.h */,
				4767DD0C22532691004C57B7 /* AppDelegate.m */,
				4767DD0E22532691004C57B7 /* ViewController.h */,
				4767DD0F22532691004C57B7 /* ViewController.m */,
				4767DD1122532691004C57B7 /* Main.storyboard */,
				4767DD1422532694004C57B7 /* Assets.xcassets */,
				4767DD1622532694004C57B7 /* LaunchScreen.storyboard */,
				4767DD1922532694004C57B7 /* Info.plist */,
				4767DD1A22532694004C57B7 /* main.m */,
			);
			path = AutoLayout;
			sourceTree = "<group>";
		};
		4767DD2322532695004C57B7 /* AutoLayoutTests */ = {
			isa = PBXGroup;
			children = (
				4767DD2422532695004C57B7 /* AutoLayoutTests.m */,
				4767DD2622532695004C57B7 /* Info.plist */,
			);
			path = AutoLayoutTests;
			sourceTree = "<group>";
		};
		4767DD2E22532695004C57B7 /* AutoLayoutUITests */ = {
			isa = PBXGroup;
			children = (
				4767DD2F22532695004C57B7 /* AutoLayoutUITests.m */,
				4767DD3122532695004C57B7 /* Info.plist */,
			);
			path = AutoLayoutUITests;
			sourceTree = "<group>";
		};
		4FE545D01FD053941C83B762 /* Pods */ = {
			isa = PBXGroup;
			children = (
				E5A41AB58E4DD472B72DB877 /* Pods-AutoLayout.debug.xcconfig */,
				CA9BA1598057CD9D2B3E0CAA /* Pods-AutoLayout.release.xcconfig */,
				60EE3C89FF6ACCE7691DB0DA /* Pods-AutoLayoutTests.debug.xcconfig */,
				A90C595E86E429AF774F5E67 /* Pods-AutoLayoutTests.release.xcconfig */,
				BB3D1CB9A181021FA8BA9FDF /* Pods-AutoLayoutUITests.debug.xcconfig */,
				DB01516E1B49A729AAF9DF98 /* Pods-AutoLayoutUITests.release.xcconfig */,
			);
			path = Pods;
			sourceTree = "<group>";
		};
		8DF0CBFDCED2FB43BD3406B5 /* Frameworks */ = {
			isa = PBXGroup;
			children = (
				47113FD9225CA246000B1DB4 /* libMasonry.a */,
				72A7D92DEEF2527F42E2109F /* libPods-AutoLayout.a */,
				2E00F123D97E4E1D108F74C1 /* libPods-AutoLayoutTests.a */,
				F3FD4F4620BB3E58FDA512CC /* libPods-AutoLayoutUITests.a */,
			);
			name = Frameworks;
			sourceTree = "<group>";
		};
/* End PBXGroup section */

/* Begin PBXNativeTarget section */
		4767DD0722532691004C57B7 /* AutoLayout */ = {
			isa = PBXNativeTarget;
			buildConfigurationList = 4767DD3422532695004C57B7 /* Build configuration list for PBXNativeTarget "AutoLayout" */;
			buildPhases = (
				E16311E8FED0C4055998BF7B /* [CP] Check Pods Manifest.lock */,
				4767DD0422532691004C57B7 /* Sources */,
				4767DD0522532691004C57B7 /* Frameworks */,
				4767DD0622532691004C57B7 /* Resources */,
			);
			buildRules = (
			);
			dependencies = (
			);
			name = AutoLayout;
			productName = AutoLayout;
			productReference = 4767DD0822532691004C57B7 /* AutoLayout.app */;
			productType = "com.apple.product-type.application";
		};
		4767DD1F22532695004C57B7 /* AutoLayoutTests */ = {
			isa = PBXNativeTarget;
			buildConfigurationList = 4767DD3722532695004C57B7 /* Build configuration list for PBXNativeTarget "AutoLayoutTests" */;
			buildPhases = (
				9C599399170178E685844AE2 /* [CP] Check Pods Manifest.lock */,
				4767DD1C22532695004C57B7 /* Sources */,
				4767DD1D22532695004C57B7 /* Frameworks */,
				4767DD1E22532695004C57B7 /* Resources */,
			);
			buildRules = (
			);
			dependencies = (
				4767DD2222532695004C57B7 /* PBXTargetDependency */,
			);
			name = AutoLayoutTests;
			productName = AutoLayoutTests;
			productReference = 4767DD2022532695004C57B7 /* AutoLayoutTests.xctest */;
			productType = "com.apple.product-type.bundle.unit-test";
		};
		4767DD2A22532695004C57B7 /* AutoLayoutUITests */ = {
			isa = PBXNativeTarget;
			buildConfigurationList = 4767DD3A22532695004C57B7 /* Build configuration list for PBXNativeTarget "AutoLayoutUITests" */;
			buildPhases = (
				9C945C479A3B04CF9E7D1DC1 /* [CP] Check Pods Manifest.lock */,
				4767DD2722532695004C57B7 /* Sources */,
				4767DD2822532695004C57B7 /* Frameworks */,
				4767DD2922532695004C57B7 /* Resources */,
			);
			buildRules = (
			);
			dependencies = (
				4767DD2D22532695004C57B7 /* PBXTargetDependency */,
			);
			name = AutoLayoutUITests;
			productName = AutoLayoutUITests;
			productReference = 4767DD2B22532695004C57B7 /* AutoLayoutUITests.xctest */;
			productType = "com.apple.product-type.bundle.ui-testing";
		};
/* End PBXNativeTarget section */

/* Begin PBXProject section */
		4767DD0022532691004C57B7 /* Project object */ = {
			isa = PBXProject;
			attributes = {
				LastUpgradeCheck = 1020;
				ORGANIZATIONNAME = "朱志佳";
				TargetAttributes = {
					4767DD0722532691004C57B7 = {
						CreatedOnToolsVersion = 10.2;
					};
					4767DD1F22532695004C57B7 = {
						CreatedOnToolsVersion = 10.2;
						TestTargetID = 4767DD0722532691004C57B7;
					};
					4767DD2A22532695004C57B7 = {
						CreatedOnToolsVersion = 10.2;
						TestTargetID = 4767DD0722532691004C57B7;
					};
				};
			};
			buildConfigurationList = 4767DD0322532691004C57B7 /* Build configuration list for PBXProject "AutoLayout" */;
			compatibilityVersion = "Xcode 9.3";
			developmentRegion = en;
			hasScannedForEncodings = 0;
			knownRegions = (
				en,
				Base,
			);
			mainGroup = 4767DCFF22532691004C57B7;
			productRefGroup = 4767DD0922532691004C57B7 /* Products */;
			projectDirPath = "";
			projectRoot = "";
			targets = (
				4767DD0722532691004C57B7 /* AutoLayout */,
				4767DD1F22532695004C57B7 /* AutoLayoutTests */,
				4767DD2A22532695004C57B7 /* AutoLayoutUITests */,
			);
		};
/* End PBXProject section */

/* Begin PBXResourcesBuildPhase section */
		4767DD0622532691004C57B7 /* Resources */ = {
			isa = PBXResourcesBuildPhase;
			buildActionMask = 2147483647;
			files = (
				4767DD1822532694004C57B7 /* LaunchScreen.storyboard in Resources */,
				4767DD1522532694004C57B7 /* Assets.xcassets in Resources */,
				47114003225CA38B000B1DB4 /* README.md in Resources */,
				47113FF8225CA38B000B1DB4 /* LICENSE in Resources */,
				4767DD1322532691004C57B7 /* Main.storyboard in Resources */,
			);
			runOnlyForDeploymentPostprocessing = 0;
		};
		4767DD1E22532695004C57B7 /* Resources */ = {
			isa = PBXResourcesBuildPhase;
			buildActionMask = 2147483647;
			files = (
			);
			runOnlyForDeploymentPostprocessing = 0;
		};
		4767DD2922532695004C57B7 /* Resources */ = {
			isa = PBXResourcesBuildPhase;
			buildActionMask = 2147483647;
			files = (
			);
			runOnlyForDeploymentPostprocessing = 0;
		};
/* End PBXResourcesBuildPhase section */

/* Begin PBXShellScriptBuildPhase section */
		9C599399170178E685844AE2 /* [CP] Check Pods Manifest.lock */ = {
			isa = PBXShellScriptBuildPhase;
			buildActionMask = 2147483647;
			files = (
			);
			inputFileListPaths = (
			);
			inputPaths = (
				"${PODS_PODFILE_DIR_PATH}/Podfile.lock",
				"${PODS_ROOT}/Manifest.lock",
			);
			name = "[CP] Check Pods Manifest.lock";
			outputFileListPaths = (
			);
			outputPaths = (
				"$(DERIVED_FILE_DIR)/Pods-AutoLayoutTests-checkManifestLockResult.txt",
			);
			runOnlyForDeploymentPostprocessing = 0;
			shellPath = /bin/sh;
			shellScript = "diff \"${PODS_PODFILE_DIR_PATH}/Podfile.lock\" \"${PODS_ROOT}/Manifest.lock\" > /dev/null\nif [ $? != 0 ] ; then\n    # print error to STDERR\n    echo \"error: The sandbox is not in sync with the Podfile.lock. Run 'pod install' or update your CocoaPods installation.\" >&2\n    exit 1\nfi\n# This output is used by Xcode 'outputs' to avoid re-running this script phase.\necho \"SUCCESS\" > \"${SCRIPT_OUTPUT_FILE_0}\"\n";
			showEnvVarsInLog = 0;
		};
		9C945C479A3B04CF9E7D1DC1 /* [CP] Check Pods Manifest.lock */ = {
			isa = PBXShellScriptBuildPhase;
			buildActionMask = 2147483647;
			files = (
			);
			inputFileListPaths = (
			);
			inputPaths = (
				"${PODS_PODFILE_DIR_PATH}/Podfile.lock",
				"${PODS_ROOT}/Manifest.lock",
			);
			name = "[CP] Check Pods Manifest.lock";
			outputFileListPaths = (
			);
			outputPaths = (
				"$(DERIVED_FILE_DIR)/Pods-AutoLayoutUITests-checkManifestLockResult.txt",
			);
			runOnlyForDeploymentPostprocessing = 0;
			shellPath = /bin/sh;
			shellScript = "diff \"${PODS_PODFILE_DIR_PATH}/Podfile.lock\" \"${PODS_ROOT}/Manifest.lock\" > /dev/null\nif [ $? != 0 ] ; then\n    # print error to STDERR\n    echo \"error: The sandbox is not in sync with the Podfile.lock. Run 'pod install' or update your CocoaPods installation.\" >&2\n    exit 1\nfi\n# This output is used by Xcode 'outputs' to avoid re-running this script phase.\necho \"SUCCESS\" > \"${SCRIPT_OUTPUT_FILE_0}\"\n";
			showEnvVarsInLog = 0;
		};
		E16311E8FED0C4055998BF7B /* [CP] Check Pods Manifest.lock */ = {
			isa = PBXShellScriptBuildPhase;
			buildActionMask = 2147483647;
			files = (
			);
			inputFileListPaths = (
			);
			inputPaths = (
				"${PODS_PODFILE_DIR_PATH}/Podfile.lock",
				"${PODS_ROOT}/Manifest.lock",
			);
			name = "[CP] Check Pods Manifest.lock";
			outputFileListPaths = (
			);
			outputPaths = (
				"$(DERIVED_FILE_DIR)/Pods-AutoLayout-checkManifestLockResult.txt",
			);
			runOnlyForDeploymentPostprocessing = 0;
			shellPath = /bin/sh;
			shellScript = "diff \"${PODS_PODFILE_DIR_PATH}/Podfile.lock\" \"${PODS_ROOT}/Manifest.lock\" > /dev/null\nif [ $? != 0 ] ; then\n    # print error to STDERR\n    echo \"error: The sandbox is not in sync with the Podfile.lock. Run 'pod install' or update your CocoaPods installation.\" >&2\n    exit 1\nfi\n# This output is used by Xcode 'outputs' to avoid re-running this script phase.\necho \"SUCCESS\" > \"${SCRIPT_OUTPUT_FILE_0}\"\n";
			showEnvVarsInLog = 0;
		};
/* End PBXShellScriptBuildPhase section */

/* Begin PBXSourcesBuildPhase section */
		4767DD0422532691004C57B7 /* Sources */ = {
			isa = PBXSourcesBuildPhase;
			buildActionMask = 2147483647;
			files = (
				47113FFC225CA38B000B1DB4 /* MASConstraintMaker.m in Sources */,
				4767DD1022532691004C57B7 /* ViewController.m in Sources */,
				47113FFA225CA38B000B1DB4 /* ViewController+MASAdditions.m in Sources */,
				47114001225CA38B000B1DB4 /* MASViewConstraint.m in Sources */,
				4767DD1B22532694004C57B7 /* main.m in Sources */,
				47113FFD225CA38B000B1DB4 /* MASLayoutConstraint.m in Sources */,
				47114000225CA38B000B1DB4 /* MASConstraint.m in Sources */,
				47113FFE225CA38B000B1DB4 /* NSArray+MASAdditions.m in Sources */,
				4767DD0D22532691004C57B7 /* AppDelegate.m in Sources */,
				47113FFB225CA38B000B1DB4 /* MASCompositeConstraint.m in Sources */,
				47113FFF225CA38B000B1DB4 /* View+MASAdditions.m in Sources */,
				47113FF9225CA38B000B1DB4 /* NSLayoutConstraint+MASDebugAdditions.m in Sources */,
				47114002225CA38B000B1DB4 /* MASViewAttribute.m in Sources */,
			);
			runOnlyForDeploymentPostprocessing = 0;
		};
		4767DD1C22532695004C57B7 /* Sources */ = {
			isa = PBXSourcesBuildPhase;
			buildActionMask = 2147483647;
			files = (
				4767DD2522532695004C57B7 /* AutoLayoutTests.m in Sources */,
			);
			runOnlyForDeploymentPostprocessing = 0;
		};
		4767DD2722532695004C57B7 /* Sources */ = {
			isa = PBXSourcesBuildPhase;
			buildActionMask = 2147483647;
			files = (
				4767DD3022532695004C57B7 /* AutoLayoutUITests.m in Sources */,
			);
			runOnlyForDeploymentPostprocessing = 0;
		};
/* End PBXSourcesBuildPhase section */

/* Begin PBXTargetDependency section */
		4767DD2222532695004C57B7 /* PBXTargetDependency */ = {
			isa = PBXTargetDependency;
			target = 4767DD0722532691004C57B7 /* AutoLayout */;
			targetProxy = 4767DD2122532695004C57B7 /* PBXContainerItemProxy */;
		};
		4767DD2D22532695004C57B7 /* PBXTargetDependency */ = {
			isa = PBXTargetDependency;
			target = 4767DD0722532691004C57B7 /* AutoLayout */;
			targetProxy = 4767DD2C22532695004C57B7 /* PBXContainerItemProxy */;
		};
/* End PBXTargetDependency section */

/* Begin PBXVariantGroup section */
		4767DD1122532691004C57B7 /* Main.storyboard */ = {
			isa = PBXVariantGroup;
			children = (
				4767DD1222532691004C57B7 /* Base */,
			);
			name = Main.storyboard;
			sourceTree = "<group>";
		};
		4767DD1622532694004C57B7 /* LaunchScreen.storyboard */ = {
			isa = PBXVariantGroup;
			children = (
				4767DD1722532694004C57B7 /* Base */,
			);
			name = LaunchScreen.storyboard;
			sourceTree = "<group>";
		};
/* End PBXVariantGroup section */

/* Begin XCBuildConfiguration section */
		4767DD3222532695004C57B7 /* Debug */ = {
			isa = XCBuildConfiguration;
			buildSettings = {
				ALWAYS_SEARCH_USER_PATHS = NO;
				CLANG_ANALYZER_NONNULL = YES;
				CLANG_ANALYZER_NUMBER_OBJECT_CONVERSION = YES_AGGRESSIVE;
				CLANG_CXX_LANGUAGE_STANDARD = "gnu++14";
				CLANG_CXX_LIBRARY = "libc++";
				CLANG_ENABLE_MODULES = YES;
				CLANG_ENABLE_OBJC_ARC = YES;
				CLANG_ENABLE_OBJC_WEAK = YES;
				CLANG_WARN_BLOCK_CAPTURE_AUTORELEASING = YES;
				CLANG_WARN_BOOL_CONVERSION = YES;
				CLANG_WARN_COMMA = YES;
				CLANG_WARN_CONSTANT_CONVERSION = YES;
				CLANG_WARN_DEPRECATED_OBJC_IMPLEMENTATIONS = YES;
				CLANG_WARN_DIRECT_OBJC_ISA_USAGE = YES_ERROR;
				CLANG_WARN_DOCUMENTATION_COMMENTS = YES;
				CLANG_WARN_EMPTY_BODY = YES;
				CLANG_WARN_ENUM_CONVERSION = YES;
				CLANG_WARN_INFINITE_RECURSION = YES;
				CLANG_WARN_INT_CONVERSION = YES;
				CLANG_WARN_NON_LITERAL_NULL_CONVERSION = YES;
				CLANG_WARN_OBJC_IMPLICIT_RETAIN_SELF = YES;
				CLANG_WARN_OBJC_LITERAL_CONVERSION = YES;
				CLANG_WARN_OBJC_ROOT_CLASS = YES_ERROR;
				CLANG_WARN_RANGE_LOOP_ANALYSIS = YES;
				CLANG_WARN_STRICT_PROTOTYPES = YES;
				CLANG_WARN_SUSPICIOUS_MOVE = YES;
				CLANG_WARN_UNGUARDED_AVAILABILITY = YES_AGGRESSIVE;
				CLANG_WARN_UNREACHABLE_CODE = YES;
				CLANG_WARN__DUPLICATE_METHOD_MATCH = YES;
				CODE_SIGN_IDENTITY = "iPhone Developer";
				COPY_PHASE_STRIP = NO;
				DEBUG_INFORMATION_FORMAT = dwarf;
				ENABLE_STRICT_OBJC_MSGSEND = YES;
				ENABLE_TESTABILITY = YES;
				GCC_C_LANGUAGE_STANDARD = gnu11;
				GCC_DYNAMIC_NO_PIC = NO;
				GCC_NO_COMMON_BLOCKS = YES;
				GCC_OPTIMIZATION_LEVEL = 0;
				GCC_PREPROCESSOR_DEFINITIONS = (
					"DEBUG=1",
					"$(inherited)",
				);
				GCC_WARN_64_TO_32_BIT_CONVERSION = YES;
				GCC_WARN_ABOUT_RETURN_TYPE = YES_ERROR;
				GCC_WARN_UNDECLARED_SELECTOR = YES;
				GCC_WARN_UNINITIALIZED_AUTOS = YES_AGGRESSIVE;
				GCC_WARN_UNUSED_FUNCTION = YES;
				GCC_WARN_UNUSED_VARIABLE = YES;
				IPHONEOS_DEPLOYMENT_TARGET = 12.2;
				MTL_ENABLE_DEBUG_INFO = INCLUDE_SOURCE;
				MTL_FAST_MATH = YES;
				ONLY_ACTIVE_ARCH = YES;
				SDKROOT = iphoneos;
			};
			name = Debug;
		};
		4767DD3322532695004C57B7 /* Release */ = {
			isa = XCBuildConfiguration;
			buildSettings = {
				ALWAYS_SEARCH_USER_PATHS = NO;
				CLANG_ANALYZER_NONNULL = YES;
				CLANG_ANALYZER_NUMBER_OBJECT_CONVERSION = YES_AGGRESSIVE;
				CLANG_CXX_LANGUAGE_STANDARD = "gnu++14";
				CLANG_CXX_LIBRARY = "libc++";
				CLANG_ENABLE_MODULES = YES;
				CLANG_ENABLE_OBJC_ARC = YES;
				CLANG_ENABLE_OBJC_WEAK = YES;
				CLANG_WARN_BLOCK_CAPTURE_AUTORELEASING = YES;
				CLANG_WARN_BOOL_CONVERSION = YES;
				CLANG_WARN_COMMA = YES;
				CLANG_WARN_CONSTANT_CONVERSION = YES;
				CLANG_WARN_DEPRECATED_OBJC_IMPLEMENTATIONS = YES;
				CLANG_WARN_DIRECT_OBJC_ISA_USAGE = YES_ERROR;
				CLANG_WARN_DOCUMENTATION_COMMENTS = YES;
				CLANG_WARN_EMPTY_BODY = YES;
				CLANG_WARN_ENUM_CONVERSION = YES;
				CLANG_WARN_INFINITE_RECURSION = YES;
				CLANG_WARN_INT_CONVERSION = YES;
				CLANG_WARN_NON_LITERAL_NULL_CONVERSION = YES;
				CLANG_WARN_OBJC_IMPLICIT_RETAIN_SELF = YES;
				CLANG_WARN_OBJC_LITERAL_CONVERSION = YES;
				CLANG_WARN_OBJC_ROOT_CLASS = YES_ERROR;
				CLANG_WARN_RANGE_LOOP_ANALYSIS = YES;
				CLANG_WARN_STRICT_PROTOTYPES = YES;
				CLANG_WARN_SUSPICIOUS_MOVE = YES;
				CLANG_WARN_UNGUARDED_AVAILABILITY = YES_AGGRESSIVE;
				CLANG_WARN_UNREACHABLE_CODE = YES;
				CLANG_WARN__DUPLICATE_METHOD_MATCH = YES;
				CODE_SIGN_IDENTITY = "iPhone Developer";
				COPY_PHASE_STRIP = NO;
				DEBUG_INFORMATION_FORMAT = "dwarf-with-dsym";
				ENABLE_NS_ASSERTIONS = NO;
				ENABLE_STRICT_OBJC_MSGSEND = YES;
				GCC_C_LANGUAGE_STANDARD = gnu11;
				GCC_NO_COMMON_BLOCKS = YES;
				GCC_WARN_64_TO_32_BIT_CONVERSION = YES;
				GCC_WARN_ABOUT_RETURN_TYPE = YES_ERROR;
				GCC_WARN_UNDECLARED_SELECTOR = YES;
				GCC_WARN_UNINITIALIZED_AUTOS = YES_AGGRESSIVE;
				GCC_WARN_UNUSED_FUNCTION = YES;
				GCC_WARN_UNUSED_VARIABLE = YES;
				IPHONEOS_DEPLOYMENT_TARGET = 12.2;
				MTL_ENABLE_DEBUG_INFO = NO;
				MTL_FAST_MATH = YES;
				SDKROOT = iphoneos;
				VALIDATE_PRODUCT = YES;
			};
			name = Release;
		};
		4767DD3522532695004C57B7 /* Debug */ = {
			isa = XCBuildConfiguration;
			baseConfigurationReference = E5A41AB58E4DD472B72DB877 /* Pods-AutoLayout.debug.xcconfig */;
			buildSettings = {
				ASSETCATALOG_COMPILER_APPICON_NAME = AppIcon;
				CODE_SIGN_STYLE = Automatic;
				DEVELOPMENT_TEAM = KLZ6FTC7C7;
				HEADER_SEARCH_PATHS = "$(inherited)";
				INFOPLIST_FILE = AutoLayout/Info.plist;
				IPHONEOS_DEPLOYMENT_TARGET = 9.0;
				LD_RUNPATH_SEARCH_PATHS = (
					"$(inherited)",
					"@executable_path/Frameworks",
				);
				LIBRARY_SEARCH_PATHS = (
					"$(inherited)",
					"\"${PODS_CONFIGURATION_BUILD_DIR}/Masonry\"",
				);
				PRODUCT_BUNDLE_IDENTIFIER = com.LP.AutoLayout;
				PRODUCT_NAME = "$(TARGET_NAME)";
				TARGETED_DEVICE_FAMILY = "1,2";
			};
			name = Debug;
		};
		4767DD3622532695004C57B7 /* Release */ = {
			isa = XCBuildConfiguration;
			baseConfigurationReference = CA9BA1598057CD9D2B3E0CAA /* Pods-AutoLayout.release.xcconfig */;
			buildSettings = {
				ASSETCATALOG_COMPILER_APPICON_NAME = AppIcon;
				CODE_SIGN_STYLE = Automatic;
				DEVELOPMENT_TEAM = KLZ6FTC7C7;
				HEADER_SEARCH_PATHS = "$(inherited)";
				INFOPLIST_FILE = AutoLayout/Info.plist;
				IPHONEOS_DEPLOYMENT_TARGET = 9.0;
				LD_RUNPATH_SEARCH_PATHS = (
					"$(inherited)",
					"@executable_path/Frameworks",
				);
				LIBRARY_SEARCH_PATHS = (
					"$(inherited)",
					"\"${PODS_CONFIGURATION_BUILD_DIR}/Masonry\"",
				);
				PRODUCT_BUNDLE_IDENTIFIER = com.LP.AutoLayout;
				PRODUCT_NAME = "$(TARGET_NAME)";
				TARGETED_DEVICE_FAMILY = "1,2";
			};
			name = Release;
		};
		4767DD3822532695004C57B7 /* Debug */ = {
			isa = XCBuildConfiguration;
			baseConfigurationReference = 60EE3C89FF6ACCE7691DB0DA /* Pods-AutoLayoutTests.debug.xcconfig */;
			buildSettings = {
				BUNDLE_LOADER = "$(TEST_HOST)";
				CODE_SIGN_STYLE = Automatic;
				INFOPLIST_FILE = AutoLayoutTests/Info.plist;
				LD_RUNPATH_SEARCH_PATHS = (
					"$(inherited)",
					"@executable_path/Frameworks",
					"@loader_path/Frameworks",
				);
				PRODUCT_BUNDLE_IDENTIFIER = com.LP.AutoLayoutTests;
				PRODUCT_NAME = "$(TARGET_NAME)";
				TARGETED_DEVICE_FAMILY = "1,2";
				TEST_HOST = "$(BUILT_PRODUCTS_DIR)/AutoLayout.app/AutoLayout";
			};
			name = Debug;
		};
		4767DD3922532695004C57B7 /* Release */ = {
			isa = XCBuildConfiguration;
			baseConfigurationReference = A90C595E86E429AF774F5E67 /* Pods-AutoLayoutTests.release.xcconfig */;
			buildSettings = {
				BUNDLE_LOADER = "$(TEST_HOST)";
				CODE_SIGN_STYLE = Automatic;
				INFOPLIST_FILE = AutoLayoutTests/Info.plist;
				LD_RUNPATH_SEARCH_PATHS = (
					"$(inherited)",
					"@executable_path/Frameworks",
					"@loader_path/Frameworks",
				);
				PRODUCT_BUNDLE_IDENTIFIER = com.LP.AutoLayoutTests;
				PRODUCT_NAME = "$(TARGET_NAME)";
				TARGETED_DEVICE_FAMILY = "1,2";
				TEST_HOST = "$(BUILT_PRODUCTS_DIR)/AutoLayout.app/AutoLayout";
			};
			name = Release;
		};
		4767DD3B22532695004C57B7 /* Debug */ = {
			isa = XCBuildConfiguration;
			baseConfigurationReference = BB3D1CB9A181021FA8BA9FDF /* Pods-AutoLayoutUITests.debug.xcconfig */;
			buildSettings = {
				CODE_SIGN_STYLE = Automatic;
				INFOPLIST_FILE = AutoLayoutUITests/Info.plist;
				LD_RUNPATH_SEARCH_PATHS = (
					"$(inherited)",
					"@executable_path/Frameworks",
					"@loader_path/Frameworks",
				);
				PRODUCT_BUNDLE_IDENTIFIER = com.LP.AutoLayoutUITests;
				PRODUCT_NAME = "$(TARGET_NAME)";
				TARGETED_DEVICE_FAMILY = "1,2";
				TEST_TARGET_NAME = AutoLayout;
			};
			name = Debug;
		};
		4767DD3C22532695004C57B7 /* Release */ = {
			isa = XCBuildConfiguration;
			baseConfigurationReference = DB01516E1B49A729AAF9DF98 /* Pods-AutoLayoutUITests.release.xcconfig */;
			buildSettings = {
				CODE_SIGN_STYLE = Automatic;
				INFOPLIST_FILE = AutoLayoutUITests/Info.plist;
				LD_RUNPATH_SEARCH_PATHS = (
					"$(inherited)",
					"@executable_path/Frameworks",
					"@loader_path/Frameworks",
				);
				PRODUCT_BUNDLE_IDENTIFIER = com.LP.AutoLayoutUITests;
				PRODUCT_NAME = "$(TARGET_NAME)";
				TARGETED_DEVICE_FAMILY = "1,2";
				TEST_TARGET_NAME = AutoLayout;
			};
			name = Release;
		};
/* End XCBuildConfiguration section */

/* Begin XCConfigurationList section */
		4767DD0322532691004C57B7 /* Build configuration list for PBXProject "AutoLayout" */ = {
			isa = XCConfigurationList;
			buildConfigurations = (
				4767DD3222532695004C57B7 /* Debug */,
				4767DD3322532695004C57B7 /* Release */,
			);
			defaultConfigurationIsVisible = 0;
			defaultConfigurationName = Release;
		};
		4767DD3422532695004C57B7 /* Build configuration list for PBXNativeTarget "AutoLayout" */ = {
			isa = XCConfigurationList;
			buildConfigurations = (
				4767DD3522532695004C57B7 /* Debug */,
				4767DD3622532695004C57B7 /* Release */,
			);
			defaultConfigurationIsVisible = 0;
			defaultConfigurationName = Release;
		};
		4767DD3722532695004C57B7 /* Build configuration list for PBXNativeTarget "AutoLayoutTests" */ = {
			isa = XCConfigurationList;
			buildConfigurations = (
				4767DD3822532695004C57B7 /* Debug */,
				4767DD3922532695004C57B7 /* Release */,
			);
			defaultConfigurationIsVisible = 0;
			defaultConfigurationName = Release;
		};
		4767DD3A22532695004C57B7 /* Build configuration list for PBXNativeTarget "AutoLayoutUITests" */ = {
			isa = XCConfigurationList;
			buildConfigurations = (
				4767DD3B22532695004C57B7 /* Debug */,
				4767DD3C22532695004C57B7 /* Release */,
			);
			defaultConfigurationIsVisible = 0;
			defaultConfigurationName = Release;
		};
/* End XCConfigurationList section */
	};
	rootObject = 4767DD0022532691004C57B7 /* Project object */;
}
